
Microsoft Visual Studio Solution File, Format Version 12.00
# Visual Studio 15
VisualStudioVersion = 15.0.28307.705
MinimumVisualStudioVersion = 10.0.40219.1
Project("{FAE04EC0-301F-11D3-BF4B-00C04F79EFBC}") = "Calculadora02", "Calculadora02\Calculadora02.csproj", "{C5EEF499-4510-4A5F-ACC8-629C1ECCECDF}"
EndProject
Global
	GlobalSection(SolutionConfigurationPlatforms) = preSolution
		Debug|Any CPU = Debug|Any CPU
		Release|Any CPU = Release|Any CPU
	EndGlobalSection
	GlobalSection(ProjectConfigurationPlatforms) = postSolution
		{C5EEF499-4510-4A5F-ACC8-629C1ECCECDF}.Debug|Any CPU.ActiveCfg = Debug|Any CPU
		{C5EEF499-4510-4A5F-ACC8-629C1ECCECDF}.Debug|Any CPU.Build.0 = Debug|Any CPU
		{C5EEF499-4510-4A5F-ACC8-629C1ECCECDF}.Release|Any CPU.ActiveCfg = Release|Any CPU
		{C5EEF499-4510-4A5F-ACC8-629C1ECCECDF}.Release|Any CPU.Build.0 = Release|Any CPU
	EndGlobalSection
	GlobalSection(SolutionProperties) = preSolution
		HideSolutionNode = FALSE
	EndGlobalSection
	GlobalSection(ExtensibilityGlobals) = postSolution
		SolutionGuid = {566EAFE7-6D1C-43F7-A4F2-2356F57BFA5E}
	EndGlobalSection
EndGlobal
